// !$*UTF8*$!
{
	archiveVersion = 1;
	classes = {
	};
	objectVersion = 48;
	objects = {

/* Begin PBXBuildFile section */
		C45DE4A71FF8C13600D70BF3 /* AppDelegate.swift in Sources */ = {isa = PBXBuildFile; fileRef = C45DE4A61FF8C13600D70BF3 /* AppDelegate.swift */; };
		C45DE4A91FF8C13600D70BF3 /* GreyBoardVC.swift in Sources */ = {isa = PBXBuildFile; fileRef = C45DE4A81FF8C13600D70BF3 /* GreyBoardVC.swift */; };
		C45DE4AC1FF8C13600D70BF3 /* Main.storyboard in Resources */ = {isa = PBXBuildFile; fileRef = C45DE4AA1FF8C13600D70BF3 /* Main.storyboard */; };
		C45DE4AE1FF8C13600D70BF3 /* Assets.xcassets in Resources */ = {isa = PBXBuildFile; fileRef = C45DE4AD1FF8C13600D70BF3 /* Assets.xcassets */; };
		C45DE4B11FF8C13600D70BF3 /* LaunchScreen.storyboard in Resources */ = {isa = PBXBuildFile; fileRef = C45DE4AF1FF8C13600D70BF3 /* LaunchScreen.storyboard */; };
		C45DE4B91FF8C40D00D70BF3 /* ColorBoardVC.swift in Sources */ = {isa = PBXBuildFile; fileRef = C45DE4B81FF8C40D00D70BF3 /* ColorBoardVC.swift */; };
		C45DE4BD1FF8CDE400D70BF3 /* Delegate.swift in Sources */ = {isa = PBXBuildFile; fileRef = C45DE4BC1FF8CDE400D70BF3 /* Delegate.swift */; };
/* End PBXBuildFile section */

/* Begin PBXFileReference section */
		C45DE4A31FF8C13600D70BF3 /* ColorPicker.app */ = {isa = PBXFileReference; explicitFileType = wrapper.application; includeInIndex = 0; path = ColorPicker.app; sourceTree = BUILT_PRODUCTS_DIR; };
		C45DE4A61FF8C13600D70BF3 /* AppDelegate.swift */ = {isa = PBXFileReference; lastKnownFileType = sourcecode.swift; path = AppDelegate.swift; sourceTree = "<group>"; };
		C45DE4A81FF8C13600D70BF3 /* GreyBoardVC.swift */ = {isa = PBXFileReference; lastKnownFileType = sourcecode.swift; path = GreyBoardVC.swift; sourceTree = "<group>"; };
		C45DE4AB1FF8C13600D70BF3 /* Base */ = {isa = PBXFileReference; lastKnownFileType = file.storyboard; name = Base; path = Base.lproj/Main.storyboard; sourceTree = "<group>"; };
		C45DE4AD1FF8C13600D70BF3 /* Assets.xcassets */ = {isa = PBXFileReference; lastKnownFileType = folder.assetcatalog; path = Assets.xcassets; sourceTree = "<group>"; };
		C45DE4B01FF8C13600D70BF3 /* Base */ = {isa = PBXFileReference; lastKnownFileType = file.storyboard; name = Base; path = Base.lproj/LaunchScreen.storyboard; sourceTree = "<group>"; };
		C45DE4B21FF8C13600D70BF3 /* Info.plist */ = {isa = PBXFileReference; lastKnownFileType = text.plist.xml; path = Info.plist; sourceTree = "<group>"; };
		C45DE4B81FF8C40D00D70BF3 /* ColorBoardVC.swift */ = {isa = PBXFileReference; lastKnownFileType = sourcecode.swift; path = ColorBoardVC.swift; sourceTree = "<group>"; };
		C45DE4BC1FF8CDE400D70BF3 /* Delegate.swift */ = {isa = PBXFileReference; lastKnownFileType = sourcecode.swift; path = Delegate.swift; sourceTree = "<group>"; };
/* End PBXFileReference section */

/* Begin PBXFrameworksBuildPhase section */
		C45DE4A01FF8C13600D70BF3 /* Frameworks */ = {
			isa = PBXFrameworksBuildPhase;
			buildActionMask = 2147483647;
			files = (
			);
			runOnlyForDeploymentPostprocessing = 0;
		};
/* End PBXFrameworksBuildPhase section */

/* Begin PBXGroup section */
		C45DE49A1FF8C13600D70BF3 = {
			isa = PBXGroup;
			children = (
				C45DE4A51FF8C13600D70BF3 /* ColorPicker */,
				C45DE4A41FF8C13600D70BF3 /* Products */,
			);
			sourceTree = "<group>";
		};
		C45DE4A41FF8C13600D70BF3 /* Products */ = {
			isa = PBXGroup;
			children = (
				C45DE4A31FF8C13600D70BF3 /* ColorPicker.app */,
			);
			name = Products;
			sourceTree = "<group>";
		};
		C45DE4A51FF8C13600D70BF3 /* ColorPicker */ = {
			isa = PBXGroup;
			children = (
				C45DE4A61FF8C13600D70BF3 /* AppDelegate.swift */,
				C45DE4BC1FF8CDE400D70BF3 /* Delegate.swift */,
				C45DE4A81FF8C13600D70BF3 /* GreyBoardVC.swift */,
				C45DE4B81FF8C40D00D70BF3 /* ColorBoardVC.swift */,
				C45DE4AA1FF8C13600D70BF3 /* Main.storyboard */,
				C45DE4AD1FF8C13600D70BF3 /* Assets.xcassets */,
				C45DE4AF1FF8C13600D70BF3 /* LaunchScreen.storyboard */,
				C45DE4B21FF8C13600D70BF3 /* Info.plist */,
			);
			path = ColorPicker;
			sourceTree = "<group>";
		};
/* End PBXGroup section */

/* Begin PBXNativeTarget section */
		C45DE4A21FF8C13600D70BF3 /* ColorPicker */ = {
			isa = PBXNativeTarget;
			buildConfigurationList = C45DE4B51FF8C13600D70BF3 /* Build configuration list for PBXNativeTarget "ColorPicker" */;
			buildPhases = (
				C45DE49F1FF8C13600D70BF3 /* Sources */,
				C45DE4A01FF8C13600D70BF3 /* Frameworks */,
				C45DE4A11FF8C13600D70BF3 /* Resources */,
			);
			buildRules = (
			);
			dependencies = (
			);
			name = ColorPicker;
			productName = ColorPicker;
			productReference = C45DE4A31FF8C13600D70BF3 /* ColorPicker.app */;
			productType = "com.apple.product-type.application";
		};
/* End PBXNativeTarget section */

/* Begin PBXProject section */
		C45DE49B1FF8C13600D70BF3 /* Project object */ = {
			isa = PBXProject;
			attributes = {
				LastSwiftUpdateCheck = 0920;
				LastUpgradeCheck = 0920;
				ORGANIZATIONNAME = "Tigran Tshorokhyan";
				TargetAttributes = {
					C45DE4A21FF8C13600D70BF3 = {
						CreatedOnToolsVersion = 9.2;
						ProvisioningStyle = Automatic;
					};
				};
			};
			buildConfigurationList = C45DE49E1FF8C13600D70BF3 /* Build configuration list for PBXProject "ColorPicker" */;
			compatibilityVersion = "Xcode 8.0";
			developmentRegion = en;
			hasScannedForEncodings = 0;
			knownRegions = (
				en,
				Base,
			);
			mainGroup = C45DE49A1FF8C13600D70BF3;
			productRefGroup = C45DE4A41FF8C13600D70BF3 /* Products */;
			projectDirPath = "";
			projectRoot = "";
			targets = (
				C45DE4A21FF8C13600D70BF3 /* ColorPicker */,
			);
		};
/* End PBXProject section */

/* Begin PBXResourcesBuildPhase section */
		C45DE4A11FF8C13600D70BF3 /* Resources */ = {
			isa = PBXResourcesBuildPhase;
			buildActionMask = 2147483647;
			files = (
				C45DE4B11FF8C13600D70BF3 /* LaunchScreen.storyboard in Resources */,
				C45DE4AE1FF8C13600D70BF3 /* Assets.xcassets in Resources */,
				C45DE4AC1FF8C13600D70BF3 /* Main.storyboard in Resources */,
			);
			runOnlyForDeploymentPostprocessing = 0;
		};
/* End PBXResourcesBuildPhase section */

/* Begin PBXSourcesBuildPhase section */
		C45DE49F1FF8C13600D70BF3 /* Sources */ = {
			isa = PBXSourcesBuildPhase;
			buildActionMask = 2147483647;
			files = (
				C45DE4BD1FF8CDE400D70BF3 /* Delegate.swift in Sources */,
				C45DE4A91FF8C13600D70BF3 /* GreyBoardVC.swift in Sources */,
				C45DE4B91FF8C40D00D70BF3 /* ColorBoardVC.swift in Sources */,
				C45DE4A71FF8C13600D70BF3 /* AppDelegate.swift in Sources */,
			);
			runOnlyForDeploymentPostprocessing = 0;
		};
/* End PBXSourcesBuildPhase section */

/* Begin PBXVariantGroup section */
		C45DE4AA1FF8C13600D70BF3 /* Main.storyboard */ = {
			isa = PBXVariantGroup;
			children = (
				C45DE4AB1FF8C13600D70BF3 /* Base */,
			);
			name = Main.storyboard;
			sourceTree = "<group>";
		};
		C45DE4AF1FF8C13600D70BF3 /* LaunchScreen.storyboard */ = {
			isa = PBXVariantGroup;
			children = (
				C45DE4B01FF8C13600D70BF3 /* Base */,
			);
			name = LaunchScreen.storyboard;
			sourceTree = "<group>";
		};
/* End PBXVariantGroup section */

/* Begin XCBuildConfiguration section */
		C45DE4B31FF8C13600D70BF3 /* Debug */ = {
			isa = XCBuildConfiguration;
			buildSettings = {
				ALWAYS_SEARCH_USER_PATHS = NO;
				CLANG_ANALYZER_NONNULL = YES;
				CLANG_ANALYZER_NUMBER_OBJECT_CONVERSION = YES_AGGRESSIVE;
				CLANG_CXX_LANGUAGE_STANDARD = "gnu++14";
				CLANG_CXX_LIBRARY = "libc++";
				CLANG_ENABLE_MODULES = YES;
				CLANG_ENABLE_OBJC_ARC = YES;
				CLANG_WARN_BLOCK_CAPTURE_AUTORELEASING = YES;
				CLANG_WARN_BOOL_CONVERSION = YES;
				CLANG_WARN_COMMA = YES;
				CLANG_WARN_CONSTANT_CONVERSION = YES;
				CLANG_WARN_DIRECT_OBJC_ISA_USAGE = YES_ERROR;
				CLANG_WARN_DOCUMENTATION_COMMENTS = YES;
				CLANG_WARN_EMPTY_BODY = YES;
				CLANG_WARN_ENUM_CONVERSION = YES;
				CLANG_WARN_INFINITE_RECURSION = YES;
				CLANG_WARN_INT_CONVERSION = YES;
				CLANG_WARN_NON_LITERAL_NULL_CONVERSION = YES;
				CLANG_WARN_OBJC_LITERAL_CONVERSION = YES;
				CLANG_WARN_OBJC_ROOT_CLASS = YES_ERROR;
				CLANG_WARN_RANGE_LOOP_ANALYSIS = YES;
				CLANG_WARN_STRICT_PROTOTYPES = YES;
				CLANG_WARN_SUSPICIOUS_MOVE = YES;
				CLANG_WARN_UNGUARDED_AVAILABILITY = YES_AGGRESSIVE;
				CLANG_WARN_UNREACHABLE_CODE = YES;
				CLANG_WARN__DUPLICATE_METHOD_MATCH = YES;
				CODE_SIGN_IDENTITY = "iPhone Developer";
				COPY_PHASE_STRIP = NO;
				DEBUG_INFORMATION_FORMAT = dwarf;
				ENABLE_STRICT_OBJC_MSGSEND = YES;
				ENABLE_TESTABILITY = YES;
				GCC_C_LANGUAGE_STANDARD = gnu11;
				GCC_DYNAMIC_NO_PIC = NO;
				GCC_NO_COMMON_BLOCKS = YES;
				GCC_OPTIMIZATION_LEVEL = 0;
				GCC_PREPROCESSOR_DEFINITIONS = (
					"DEBUG=1",
					"$(inherited)",
				);
				GCC_WARN_64_TO_32_BIT_CONVERSION = YES;
				GCC_WARN_ABOUT_RETURN_TYPE = YES_ERROR;
				GCC_WARN_UNDECLARED_SELECTOR = YES;
				GCC_WARN_UNINITIALIZED_AUTOS = YES_AGGRESSIVE;
				GCC_WARN_UNUSED_FUNCTION = YES;
				GCC_WARN_UNUSED_VARIABLE = YES;
				IPHONEOS_DEPLOYMENT_TARGET = 11.2;
				MTL_ENABLE_DEBUG_INFO = YES;
				ONLY_ACTIVE_ARCH = YES;
				SDKROOT = iphoneos;
				SWIFT_ACTIVE_COMPILATION_CONDITIONS = DEBUG;
				SWIFT_OPTIMIZATION_LEVEL = "-Onone";
			};
			name = Debug;
		};
		C45DE4B41FF8C13600D70BF3 /* Release */ = {
			isa = XCBuildConfiguration;
			buildSettings = {
				ALWAYS_SEARCH_USER_PATHS = NO;
				CLANG_ANALYZER_NONNULL = YES;
				CLANG_ANALYZER_NUMBER_OBJECT_CONVERSION = YES_AGGRESSIVE;
				CLANG_CXX_LANGUAGE_STANDARD = "gnu++14";
				CLANG_CXX_LIBRARY = "libc++";
				CLANG_ENABLE_MODULES = YES;
				CLANG_ENABLE_OBJC_ARC = YES;
				CLANG_WARN_BLOCK_CAPTURE_AUTORELEASING = YES;
				CLANG_WARN_BOOL_CONVERSION = YES;
				CLANG_WARN_COMMA = YES;
				CLANG_WARN_CONSTANT_CONVERSION = YES;
				CLANG_WARN_DIRECT_OBJC_ISA_USAGE = YES_ERROR;
				CLANG_WARN_DOCUMENTATION_COMMENTS = YES;
				CLANG_WARN_EMPTY_BODY = YES;
				CLANG_WARN_ENUM_CONVERSION = YES;
				CLANG_WARN_INFINITE_RECURSION = YES;
				CLANG_WARN_INT_CONVERSION = YES;
				CLANG_WARN_NON_LITERAL_NULL_CONVERSION = YES;
				CLANG_WARN_OBJC_LITERAL_CONVERSION = YES;
				CLANG_WARN_OBJC_ROOT_CLASS = YES_ERROR;
				CLANG_WARN_RANGE_LOOP_ANALYSIS = YES;
				CLANG_WARN_STRICT_PROTOTYPES = YES;
				CLANG_WARN_SUSPICIOUS_MOVE = YES;
				CLANG_WARN_UNGUARDED_AVAILABILITY = YES_AGGRESSIVE;
				CLANG_WARN_UNREACHABLE_CODE = YES;
				CLANG_WARN__DUPLICATE_METHOD_MATCH = YES;
				CODE_SIGN_IDENTITY = "iPhone Developer";
				COPY_PHASE_STRIP = NO;
				DEBUG_INFORMATION_FORMAT = "dwarf-with-dsym";
				ENABLE_NS_ASSERTIONS = NO;
				ENABLE_STRICT_OBJC_MSGSEND = YES;
				GCC_C_LANGUAGE_STANDARD = gnu11;
				GCC_NO_COMMON_BLOCKS = YES;
				GCC_WARN_64_TO_32_BIT_CONVERSION = YES;
				GCC_WARN_ABOUT_RETURN_TYPE = YES_ERROR;
				GCC_WARN_UNDECLARED_SELECTOR = YES;
				GCC_WARN_UNINITIALIZED_AUTOS = YES_AGGRESSIVE;
				GCC_WARN_UNUSED_FUNCTION = YES;
				GCC_WARN_UNUSED_VARIABLE = YES;
				IPHONEOS_DEPLOYMENT_TARGET = 11.2;
				MTL_ENABLE_DEBUG_INFO = NO;
				SDKROOT = iphoneos;
				SWIFT_OPTIMIZATION_LEVEL = "-Owholemodule";
				VALIDATE_PRODUCT = YES;
			};
			name = Release;
		};
		C45DE4B61FF8C13600D70BF3 /* Debug */ = {
			isa = XCBuildConfiguration;
			buildSettings = {
				ASSETCATALOG_COMPILER_APPICON_NAME = AppIcon;
				CODE_SIGN_STYLE = Automatic;
				DEVELOPMENT_TEAM = G3X7WNZLCP;
				INFOPLIST_FILE = ColorPicker/Info.plist;
				LD_RUNPATH_SEARCH_PATHS = "$(inherited) @executable_path/Frameworks";
				PRODUCT_BUNDLE_IDENTIFIER = TT.iOS.ColorPicker;
				PRODUCT_NAME = "$(TARGET_NAME)";
				SWIFT_VERSION = 4.0;
				TARGETED_DEVICE_FAMILY = "1,2";
			};
			name = Debug;
		};
		C45DE4B71FF8C13600D70BF3 /* Release */ = {
			isa = XCBuildConfiguration;
			buildSettings = {
				ASSETCATALOG_COMPILER_APPICON_NAME = AppIcon;
				CODE_SIGN_STYLE = Automatic;
				DEVELOPMENT_TEAM = G3X7WNZLCP;
				INFOPLIST_FILE = ColorPicker/Info.plist;
				LD_RUNPATH_SEARCH_PATHS = "$(inherited) @executable_path/Frameworks";
				PRODUCT_BUNDLE_IDENTIFIER = TT.iOS.ColorPicker;
				PRODUCT_NAME = "$(TARGET_NAME)";
				SWIFT_VERSION = 4.0;
				TARGETED_DEVICE_FAMILY = "1,2";
			};
			name = Release;
		};
/* End XCBuildConfiguration section */

/* Begin XCConfigurationList section */
		C45DE49E1FF8C13600D70BF3 /* Build configuration list for PBXProject "ColorPicker" */ = {
			isa = XCConfigurationList;
			buildConfigurations = (
				C45DE4B31FF8C13600D70BF3 /* Debug */,
				C45DE4B41FF8C13600D70BF3 /* Release */,
			);
			defaultConfigurationIsVisible = 0;
			defaultConfigurationName = Release;
		};
		C45DE4B51FF8C13600D70BF3 /* Build configuration list for PBXNativeTarget "ColorPicker" */ = {
			isa = XCConfigurationList;
			buildConfigurations = (
				C45DE4B61FF8C13600D70BF3 /* Debug */,
				C45DE4B71FF8C13600D70BF3 /* Release */,
			);
			defaultConfigurationIsVisible = 0;
			defaultConfigurationName = Release;
		};
/* End XCConfigurationList section */
	};
	rootObject = C45DE49B1FF8C13600D70BF3 /* Project object */;
}
